
Microsoft Visual Studio Solution File, Format Version 12.00
# Visual Studio Version 17
VisualStudioVersion = 17.14.36408.4 d17.14
MinimumVisualStudioVersion = 10.0.40219.1
Project("{FAE04EC0-301F-11D3-BF4B-00C04F79EFBC}") = "WebApi", "WebApi\WebApi.csproj", "{D5E78420-5B15-4B2A-99EE-975C952E3694}"
EndProject
Project("{2150E333-8FDC-42A3-9474-1A3956D46DE8}") = "Web", "Web", "{02EA681E-C7D8-13C7-8484-4AC65E1B71E8}"
EndProject
Project("{2150E333-8FDC-42A3-9474-1A3956D46DE8}") = "BLL", "BLL", "{0405B268-73E4-401F-8B72-E91C39BA675C}"
EndProject
Project("{2150E333-8FDC-42A3-9474-1A3956D46DE8}") = "DAL", "DAL", "{FA5A2E9E-F37A-4699-8853-4208A38C875A}"
EndProject
Project("{2150E333-8FDC-42A3-9474-1A3956D46DE8}") = "TRANS", "TRANS", "{AB042375-1DBC-4482-B8F1-15E71C92EBED}"
EndProject
Project("{FAE04EC0-301F-11D3-BF4B-00C04F79EFBC}") = "BLL", "BLL\BLL.csproj", "{8C42638B-63BE-4CAF-8392-20089A6D4CD9}"
EndProject
Project("{FAE04EC0-301F-11D3-BF4B-00C04F79EFBC}") = "DAL", "DAL\DAL.csproj", "{D8529CB9-71D2-44FF-846B-6B882FBD96A1}"
EndProject
Project("{FAE04EC0-301F-11D3-BF4B-00C04F79EFBC}") = "TRANSVERSAL", "TRANSVERSAL\TRANSVERSAL.csproj", "{C4FD0AA1-3677-4ADC-92A7-68415E36BD16}"
EndProject
Global
	GlobalSection(SolutionConfigurationPlatforms) = preSolution
		Debug|Any CPU = Debug|Any CPU
		Release|Any CPU = Release|Any CPU
	EndGlobalSection
	GlobalSection(ProjectConfigurationPlatforms) = postSolution
		{D5E78420-5B15-4B2A-99EE-975C952E3694}.Debug|Any CPU.ActiveCfg = Debug|Any CPU
		{D5E78420-5B15-4B2A-99EE-975C952E3694}.Debug|Any CPU.Build.0 = Debug|Any CPU
		{D5E78420-5B15-4B2A-99EE-975C952E3694}.Release|Any CPU.ActiveCfg = Release|Any CPU
		{D5E78420-5B15-4B2A-99EE-975C952E3694}.Release|Any CPU.Build.0 = Release|Any CPU
		{8C42638B-63BE-4CAF-8392-20089A6D4CD9}.Debug|Any CPU.ActiveCfg = Debug|Any CPU
		{8C42638B-63BE-4CAF-8392-20089A6D4CD9}.Debug|Any CPU.Build.0 = Debug|Any CPU
		{8C42638B-63BE-4CAF-8392-20089A6D4CD9}.Release|Any CPU.ActiveCfg = Release|Any CPU
		{8C42638B-63BE-4CAF-8392-20089A6D4CD9}.Release|Any CPU.Build.0 = Release|Any CPU
		{D8529CB9-71D2-44FF-846B-6B882FBD96A1}.Debug|Any CPU.ActiveCfg = Debug|Any CPU
		{D8529CB9-71D2-44FF-846B-6B882FBD96A1}.Debug|Any CPU.Build.0 = Debug|Any CPU
		{D8529CB9-71D2-44FF-846B-6B882FBD96A1}.Release|Any CPU.ActiveCfg = Release|Any CPU
		{D8529CB9-71D2-44FF-846B-6B882FBD96A1}.Release|Any CPU.Build.0 = Release|Any CPU
		{C4FD0AA1-3677-4ADC-92A7-68415E36BD16}.Debug|Any CPU.ActiveCfg = Debug|Any CPU
		{C4FD0AA1-3677-4ADC-92A7-68415E36BD16}.Debug|Any CPU.Build.0 = Debug|Any CPU
		{C4FD0AA1-3677-4ADC-92A7-68415E36BD16}.Release|Any CPU.ActiveCfg = Release|Any CPU
		{C4FD0AA1-3677-4ADC-92A7-68415E36BD16}.Release|Any CPU.Build.0 = Release|Any CPU
	EndGlobalSection
	GlobalSection(SolutionProperties) = preSolution
		HideSolutionNode = FALSE
	EndGlobalSection
	GlobalSection(NestedProjects) = preSolution
		{D5E78420-5B15-4B2A-99EE-975C952E3694} = {02EA681E-C7D8-13C7-8484-4AC65E1B71E8}
		{8C42638B-63BE-4CAF-8392-20089A6D4CD9} = {0405B268-73E4-401F-8B72-E91C39BA675C}
		{D8529CB9-71D2-44FF-846B-6B882FBD96A1} = {FA5A2E9E-F37A-4699-8853-4208A38C875A}
		{C4FD0AA1-3677-4ADC-92A7-68415E36BD16} = {AB042375-1DBC-4482-B8F1-15E71C92EBED}
	EndGlobalSection
	GlobalSection(ExtensibilityGlobals) = postSolution
		SolutionGuid = {B2589882-BEE5-4D7A-9E86-7D36D4A8A8AD}
	EndGlobalSection
EndGlobal
